github.com/ewangplay/rwriter v0.0.0-20200903064312-bdcbe3d462ae h1:CgTiOwDAaM5uUDIMfzpM45p6FZQ1w9471Amv3RS94sM=
github.com/ewangplay/rwriter v0.0.0-20200903064312-bdcbe3d462ae/go.mod h1:GrP7sL6aOe1c1HQnWHCdDV4Wim8E1s8rXr3jeinQXLA=
github.com/ewangplay/rwriter v0.1.0 h1:woNKLjBQ7R2V0/TP0QCPL6usOMCCOtufaCvDT48P1xM=
github.com/ewangplay/rwriter v0.1.0/go.mod h1:GrP7sL6aOe1c1HQnWHCdDV4Wim8E1s8rXr3jeinQXLA=
github.com/ewangplay/rwriter v0.2.0 h1:ySKsthSkwWFf+Zs8seXhYGKZrHaS08JjJA1ET6Ray7U=
github.com/ewangplay/rwriter v0.2.0/go.mod h1:zoTnymh+dPW+mwHG373C3I0U+Nkb5a+iYuIdVC9VLWM=
