github.com/ewangplay/did-wallet v0.0.0-20200924064226-7678bd67ba79 h1:DkwcEvtgZFCsGOnD8afEi3wybSbiaU9PGEOoRiYiXT8=
github.com/ewangplay/did-wallet v0.0.0-20200924064226-7678bd67ba79/go.mod h1:QfHskl5KdT/gVy2zNliyEX362beLguR3PIzOta8CxO0=
github.com/ewangplay/did-wallet v0.0.0-20200924084114-9a5809e69498 h1:VPmzp2K9WfGykTyrMx3cjijR8lZTiln+dnQLNeDuvnk=
github.com/ewangplay/did-wallet v0.0.0-20200924084114-9a5809e69498/go.mod h1:QfHskl5KdT/gVy2zNliyEX362beLguR3PIzOta8CxO0=
github.com/ewangplay/did-wallet v0.0.0-20200924090523-5d6d0dc43a16 h1:MrlUYVwQpx0XVsfO3BIS330tjkNCTXewKi3Ckj7l8HI=
github.com/ewangplay/did-wallet v0.0.0-20200924090523-5d6d0dc43a16/go.mod h1:QfHskl5KdT/gVy2zNliyEX362beLguR3PIzOta8CxO0=
