github.com/ewangplay/testmod v1.0.0 h1:5fLEoLU9UUdGDerRqTREarkl7FwFQM2hKgUSfEYpWSc=
github.com/ewangplay/testmod v1.0.0/go.mod h1:M4czg+gp1IoyEKLAFQlU5Fh0Mm0Ivc1YrqWW6iy0qP4=
github.com/ewangplay/testmod v1.0.1 h1:gMnEN3oJhRVKtibbQIyrzLlEC/X+ysJhnIFvBXswSmE=
github.com/ewangplay/testmod v1.0.1/go.mod h1:M4czg+gp1IoyEKLAFQlU5Fh0Mm0Ivc1YrqWW6iy0qP4=
